
Microsoft Visual Studio Solution File, Format Version 12.00
# Visual Studio Version 17
VisualStudioVersion = 17.7.34202.233
MinimumVisualStudioVersion = 10.0.40219.1
Project("{8BC9CEB8-8B4A-11D0-8D11-00A0C91BC942}") = "01_CreateWindow", "01_CreateWindow\01_CreateWindow.vcxproj", "{5D783C8B-E438-4B55-AF2E-E556F628A06A}"
EndProject
Project("{8BC9CEB8-8B4A-11D0-8D11-00A0C91BC942}") = "02_HelloPrimitive", "02_HelloPrimitive\02_HelloPrimitive.vcxproj", "{A7F8C475-3DEF-4368-8BF4-D125AD0EE55A}"
EndProject
Project("{8BC9CEB8-8B4A-11D0-8D11-00A0C91BC942}") = "03_GLEW", "03_GLEW\03_GLEW.vcxproj", "{1CC8193B-DD81-4BC1-AD4F-ADA969EA91AE}"
EndProject
Project("{8BC9CEB8-8B4A-11D0-8D11-00A0C91BC942}") = "04_DrawArrays", "04_DrawArrays\04_DrawArrays.vcxproj", "{60C8F59F-8632-4C83-A327-09EA65886179}"
EndProject
Project("{8BC9CEB8-8B4A-11D0-8D11-00A0C91BC942}") = "05_DrawElements", "05_DrawElements\05_DrawElements.vcxproj", "{69008A4E-C6DE-4D40-BAE1-F78B510D940F}"
EndProject
Project("{8BC9CEB8-8B4A-11D0-8D11-00A0C91BC942}") = "06_Shader", "06_Shader\06_Shader.vcxproj", "{2BCAEFC7-0001-45D1-B75D-1938F807E846}"
EndProject
Project("{8BC9CEB8-8B4A-11D0-8D11-00A0C91BC942}") = "07_Texture", "07_Texture\07_Texture.vcxproj", "{BAD01A27-9014-4E5E-B9CD-336746D5D65A}"
EndProject
Project("{8BC9CEB8-8B4A-11D0-8D11-00A0C91BC942}") = "08_Transformation", "08_Transformation\08_Transformation.vcxproj", "{5A4A440C-57DB-4F14-A515-ABCE6815C14C}"
EndProject
Project("{8BC9CEB8-8B4A-11D0-8D11-00A0C91BC942}") = "Test", "Test\Test.vcxproj", "{809855DD-CB19-4911-BB93-4C0C7A9F4405}"
EndProject
Project("{8BC9CEB8-8B4A-11D0-8D11-00A0C91BC942}") = "09_CoordinateSystem", "09_CoordinateSystem\09_CoordinateSystem.vcxproj", "{071CB83C-B213-4DD2-9D01-3219BB595B8D}"
EndProject
Project("{8BC9CEB8-8B4A-11D0-8D11-00A0C91BC942}") = "10_Assimp", "10_Assimp\10_Assimp.vcxproj", "{7B81454C-F565-4BBA-A493-2EAD7D70BBF2}"
EndProject
Global
	GlobalSection(SolutionConfigurationPlatforms) = preSolution
		Debug|x64 = Debug|x64
		Debug|x86 = Debug|x86
		Release|x64 = Release|x64
		Release|x86 = Release|x86
	EndGlobalSection
	GlobalSection(ProjectConfigurationPlatforms) = postSolution
		{5D783C8B-E438-4B55-AF2E-E556F628A06A}.Debug|x64.ActiveCfg = Debug|x64
		{5D783C8B-E438-4B55-AF2E-E556F628A06A}.Debug|x64.Build.0 = Debug|x64
		{5D783C8B-E438-4B55-AF2E-E556F628A06A}.Debug|x86.ActiveCfg = Debug|Win32
		{5D783C8B-E438-4B55-AF2E-E556F628A06A}.Debug|x86.Build.0 = Debug|Win32
		{5D783C8B-E438-4B55-AF2E-E556F628A06A}.Release|x64.ActiveCfg = Release|x64
		{5D783C8B-E438-4B55-AF2E-E556F628A06A}.Release|x64.Build.0 = Release|x64
		{5D783C8B-E438-4B55-AF2E-E556F628A06A}.Release|x86.ActiveCfg = Release|Win32
		{5D783C8B-E438-4B55-AF2E-E556F628A06A}.Release|x86.Build.0 = Release|Win32
		{A7F8C475-3DEF-4368-8BF4-D125AD0EE55A}.Debug|x64.ActiveCfg = Debug|x64
		{A7F8C475-3DEF-4368-8BF4-D125AD0EE55A}.Debug|x64.Build.0 = Debug|x64
		{A7F8C475-3DEF-4368-8BF4-D125AD0EE55A}.Debug|x86.ActiveCfg = Debug|Win32
		{A7F8C475-3DEF-4368-8BF4-D125AD0EE55A}.Debug|x86.Build.0 = Debug|Win32
		{A7F8C475-3DEF-4368-8BF4-D125AD0EE55A}.Release|x64.ActiveCfg = Release|x64
		{A7F8C475-3DEF-4368-8BF4-D125AD0EE55A}.Release|x64.Build.0 = Release|x64
		{A7F8C475-3DEF-4368-8BF4-D125AD0EE55A}.Release|x86.ActiveCfg = Release|Win32
		{A7F8C475-3DEF-4368-8BF4-D125AD0EE55A}.Release|x86.Build.0 = Release|Win32
		{1CC8193B-DD81-4BC1-AD4F-ADA969EA91AE}.Debug|x64.ActiveCfg = Debug|x64
		{1CC8193B-DD81-4BC1-AD4F-ADA969EA91AE}.Debug|x64.Build.0 = Debug|x64
		{1CC8193B-DD81-4BC1-AD4F-ADA969EA91AE}.Debug|x86.ActiveCfg = Debug|Win32
		{1CC8193B-DD81-4BC1-AD4F-ADA969EA91AE}.Debug|x86.Build.0 = Debug|Win32
		{1CC8193B-DD81-4BC1-AD4F-ADA969EA91AE}.Release|x64.ActiveCfg = Release|x64
		{1CC8193B-DD81-4BC1-AD4F-ADA969EA91AE}.Release|x64.Build.0 = Release|x64
		{1CC8193B-DD81-4BC1-AD4F-ADA969EA91AE}.Release|x86.ActiveCfg = Release|Win32
		{1CC8193B-DD81-4BC1-AD4F-ADA969EA91AE}.Release|x86.Build.0 = Release|Win32
		{60C8F59F-8632-4C83-A327-09EA65886179}.Debug|x64.ActiveCfg = Debug|x64
		{60C8F59F-8632-4C83-A327-09EA65886179}.Debug|x64.Build.0 = Debug|x64
		{60C8F59F-8632-4C83-A327-09EA65886179}.Debug|x86.ActiveCfg = Debug|Win32
		{60C8F59F-8632-4C83-A327-09EA65886179}.Debug|x86.Build.0 = Debug|Win32
		{60C8F59F-8632-4C83-A327-09EA65886179}.Release|x64.ActiveCfg = Release|x64
		{60C8F59F-8632-4C83-A327-09EA65886179}.Release|x64.Build.0 = Release|x64
		{60C8F59F-8632-4C83-A327-09EA65886179}.Release|x86.ActiveCfg = Release|Win32
		{60C8F59F-8632-4C83-A327-09EA65886179}.Release|x86.Build.0 = Release|Win32
		{69008A4E-C6DE-4D40-BAE1-F78B510D940F}.Debug|x64.ActiveCfg = Debug|x64
		{69008A4E-C6DE-4D40-BAE1-F78B510D940F}.Debug|x64.Build.0 = Debug|x64
		{69008A4E-C6DE-4D40-BAE1-F78B510D940F}.Debug|x86.ActiveCfg = Debug|Win32
		{69008A4E-C6DE-4D40-BAE1-F78B510D940F}.Debug|x86.Build.0 = Debug|Win32
		{69008A4E-C6DE-4D40-BAE1-F78B510D940F}.Release|x64.ActiveCfg = Release|x64
		{69008A4E-C6DE-4D40-BAE1-F78B510D940F}.Release|x64.Build.0 = Release|x64
		{69008A4E-C6DE-4D40-BAE1-F78B510D940F}.Release|x86.ActiveCfg = Release|Win32
		{69008A4E-C6DE-4D40-BAE1-F78B510D940F}.Release|x86.Build.0 = Release|Win32
		{2BCAEFC7-0001-45D1-B75D-1938F807E846}.Debug|x64.ActiveCfg = Debug|x64
		{2BCAEFC7-0001-45D1-B75D-1938F807E846}.Debug|x64.Build.0 = Debug|x64
		{2BCAEFC7-0001-45D1-B75D-1938F807E846}.Debug|x86.ActiveCfg = Debug|Win32
		{2BCAEFC7-0001-45D1-B75D-1938F807E846}.Debug|x86.Build.0 = Debug|Win32
		{2BCAEFC7-0001-45D1-B75D-1938F807E846}.Release|x64.ActiveCfg = Release|x64
		{2BCAEFC7-0001-45D1-B75D-1938F807E846}.Release|x64.Build.0 = Release|x64
		{2BCAEFC7-0001-45D1-B75D-1938F807E846}.Release|x86.ActiveCfg = Release|Win32
		{2BCAEFC7-0001-45D1-B75D-1938F807E846}.Release|x86.Build.0 = Release|Win32
		{BAD01A27-9014-4E5E-B9CD-336746D5D65A}.Debug|x64.ActiveCfg = Debug|x64
		{BAD01A27-9014-4E5E-B9CD-336746D5D65A}.Debug|x64.Build.0 = Debug|x64
		{BAD01A27-9014-4E5E-B9CD-336746D5D65A}.Debug|x86.ActiveCfg = Debug|Win32
		{BAD01A27-9014-4E5E-B9CD-336746D5D65A}.Debug|x86.Build.0 = Debug|Win32
		{BAD01A27-9014-4E5E-B9CD-336746D5D65A}.Release|x64.ActiveCfg = Release|x64
		{BAD01A27-9014-4E5E-B9CD-336746D5D65A}.Release|x64.Build.0 = Release|x64
		{BAD01A27-9014-4E5E-B9CD-336746D5D65A}.Release|x86.ActiveCfg = Release|Win32
		{BAD01A27-9014-4E5E-B9CD-336746D5D65A}.Release|x86.Build.0 = Release|Win32
		{5A4A440C-57DB-4F14-A515-ABCE6815C14C}.Debug|x64.ActiveCfg = Debug|x64
		{5A4A440C-57DB-4F14-A515-ABCE6815C14C}.Debug|x64.Build.0 = Debug|x64
		{5A4A440C-57DB-4F14-A515-ABCE6815C14C}.Debug|x86.ActiveCfg = Debug|Win32
		{5A4A440C-57DB-4F14-A515-ABCE6815C14C}.Debug|x86.Build.0 = Debug|Win32
		{5A4A440C-57DB-4F14-A515-ABCE6815C14C}.Release|x64.ActiveCfg = Release|x64
		{5A4A440C-57DB-4F14-A515-ABCE6815C14C}.Release|x64.Build.0 = Release|x64
		{5A4A440C-57DB-4F14-A515-ABCE6815C14C}.Release|x86.ActiveCfg = Release|Win32
		{5A4A440C-57DB-4F14-A515-ABCE6815C14C}.Release|x86.Build.0 = Release|Win32
		{809855DD-CB19-4911-BB93-4C0C7A9F4405}.Debug|x64.ActiveCfg = Debug|x64
		{809855DD-CB19-4911-BB93-4C0C7A9F4405}.Debug|x64.Build.0 = Debug|x64
		{809855DD-CB19-4911-BB93-4C0C7A9F4405}.Debug|x86.ActiveCfg = Debug|Win32
		{809855DD-CB19-4911-BB93-4C0C7A9F4405}.Debug|x86.Build.0 = Debug|Win32
		{809855DD-CB19-4911-BB93-4C0C7A9F4405}.Release|x64.ActiveCfg = Release|x64
		{809855DD-CB19-4911-BB93-4C0C7A9F4405}.Release|x64.Build.0 = Release|x64
		{809855DD-CB19-4911-BB93-4C0C7A9F4405}.Release|x86.ActiveCfg = Release|Win32
		{809855DD-CB19-4911-BB93-4C0C7A9F4405}.Release|x86.Build.0 = Release|Win32
		{071CB83C-B213-4DD2-9D01-3219BB595B8D}.Debug|x64.ActiveCfg = Debug|x64
		{071CB83C-B213-4DD2-9D01-3219BB595B8D}.Debug|x64.Build.0 = Debug|x64
		{071CB83C-B213-4DD2-9D01-3219BB595B8D}.Debug|x86.ActiveCfg = Debug|Win32
		{071CB83C-B213-4DD2-9D01-3219BB595B8D}.Debug|x86.Build.0 = Debug|Win32
		{071CB83C-B213-4DD2-9D01-3219BB595B8D}.Release|x64.ActiveCfg = Release|x64
		{071CB83C-B213-4DD2-9D01-3219BB595B8D}.Release|x64.Build.0 = Release|x64
		{071CB83C-B213-4DD2-9D01-3219BB595B8D}.Release|x86.ActiveCfg = Release|Win32
		{071CB83C-B213-4DD2-9D01-3219BB595B8D}.Release|x86.Build.0 = Release|Win32
		{7B81454C-F565-4BBA-A493-2EAD7D70BBF2}.Debug|x64.ActiveCfg = Debug|x64
		{7B81454C-F565-4BBA-A493-2EAD7D70BBF2}.Debug|x64.Build.0 = Debug|x64
		{7B81454C-F565-4BBA-A493-2EAD7D70BBF2}.Debug|x86.ActiveCfg = Debug|Win32
		{7B81454C-F565-4BBA-A493-2EAD7D70BBF2}.Debug|x86.Build.0 = Debug|Win32
		{7B81454C-F565-4BBA-A493-2EAD7D70BBF2}.Release|x64.ActiveCfg = Release|x64
		{7B81454C-F565-4BBA-A493-2EAD7D70BBF2}.Release|x64.Build.0 = Release|x64
		{7B81454C-F565-4BBA-A493-2EAD7D70BBF2}.Release|x86.ActiveCfg = Release|Win32
		{7B81454C-F565-4BBA-A493-2EAD7D70BBF2}.Release|x86.Build.0 = Release|Win32
	EndGlobalSection
	GlobalSection(SolutionProperties) = preSolution
		HideSolutionNode = FALSE
	EndGlobalSection
	GlobalSection(ExtensibilityGlobals) = postSolution
		SolutionGuid = {A7211F69-27FB-4E33-9BB8-31CD36AC7935}
	EndGlobalSection
EndGlobal
